
Microsoft Visual Studio Solution File, Format Version 11.00
# Visual Studio 2010
Project("{FAE04EC0-301F-11D3-BF4B-00C04F79EFBC}") = "ListFolder", "ListFolder\ListFolder.csproj", "{5F174BD5-57C4-40F4-B9F6-6EBCFC4EBCA5}"
EndProject
Project("{F184B08F-C81C-45F6-A57F-5ABD9991F28F}") = "VBListFolder", "VBListFolder\VBListFolder.vbproj", "{59C02CE2-D3D5-4C84-9A51-08F814E68702}"
EndProject
Project("{FAE04EC0-301F-11D3-BF4B-00C04F79EFBC}") = "RecursiveList", "RecursiveList\RecursiveList.csproj", "{517E0132-599E-42D4-9D77-0C084CFCC800}"
EndProject
Project("{F184B08F-C81C-45F6-A57F-5ABD9991F28F}") = "VBRecursiveList", "VBRecursiveList\VBRecursiveList.vbproj", "{7EFADC13-FB7E-43B5-B6B7-6E67873B9056}"
EndProject
Project("{FAE04EC0-301F-11D3-BF4B-00C04F79EFBC}") = "ListFilesAndProperties", "ListFilesAndProperties\ListFilesAndProperties.csproj", "{394FA942-C819-4A76-8239-80E25E8F65B4}"
EndProject
Project("{F184B08F-C81C-45F6-A57F-5ABD9991F28F}") = "VBListFilesAndProperties", "VBListFilesAndProperties\VBListFilesAndProperties.vbproj", "{77A65B61-4D8C-4E1F-BF7D-665133A13618}"
EndProject
Project("{FAE04EC0-301F-11D3-BF4B-00C04F79EFBC}") = "CreateFolder", "CreateFolder\CreateFolder.csproj", "{0462C901-0D24-4556-92D9-71AB6C79847D}"
EndProject
Project("{F184B08F-C81C-45F6-A57F-5ABD9991F28F}") = "VBCreateFolder", "VBCreateFolder\VBCreateFolder.vbproj", "{18DF533E-03A2-4EB1-862D-CC1DF1BCA819}"
EndProject
Project("{FAE04EC0-301F-11D3-BF4B-00C04F79EFBC}") = "DeleteFolder", "DeleteFolder\DeleteFolder.csproj", "{0BE735B2-9E34-4BBD-BBA8-1B9A119BABF7}"
EndProject
Project("{F184B08F-C81C-45F6-A57F-5ABD9991F28F}") = "VBDeleteFolder", "VBDeleteFolder\VBDeleteFolder.vbproj", "{F67339EE-E367-4460-8D7B-290494C5638F}"
EndProject
Project("{FAE04EC0-301F-11D3-BF4B-00C04F79EFBC}") = "Copy", "Copy\Copy.csproj", "{CE99A57E-0D2F-4723-B4BD-06188E015078}"
EndProject
Project("{F184B08F-C81C-45F6-A57F-5ABD9991F28F}") = "VBCopy", "VBCopy\VBCopy.vbproj", "{44E92AB2-DA03-45A1-B20A-0E7E6C98EB72}"
EndProject
Project("{FAE04EC0-301F-11D3-BF4B-00C04F79EFBC}") = "Move", "Move\Move.csproj", "{73D2506E-065F-4FF9-93B2-5A3068DF29D6}"
EndProject
Project("{F184B08F-C81C-45F6-A57F-5ABD9991F28F}") = "VBMove", "VBMove\VBMove.vbproj", "{640673FE-C6B0-4ABC-9B13-AABC25996AB7}"
EndProject
Project("{FAE04EC0-301F-11D3-BF4B-00C04F79EFBC}") = "Exists", "Exists\Exists.csproj", "{35C3FD09-6096-4AB5-BEEF-E02D9E5BFAEA}"
EndProject
Project("{F184B08F-C81C-45F6-A57F-5ABD9991F28F}") = "VBExists", "VBExists\VBExists.vbproj", "{8C9680B2-6009-4F98-B976-5D84FF7F2060}"
EndProject
Project("{FAE04EC0-301F-11D3-BF4B-00C04F79EFBC}") = "SynchronousDownload", "SynchronousDownload\SynchronousDownload.csproj", "{3E0B30C8-344A-4C8F-BF3D-FE775815737C}"
EndProject
Project("{F184B08F-C81C-45F6-A57F-5ABD9991F28F}") = "VBSynchronousDownload", "VBSynchronousDownload\VBSynchronousDownload.vbproj", "{EFEFE255-DD69-4B72-B771-2FF6871BDB2A}"
EndProject
Project("{FAE04EC0-301F-11D3-BF4B-00C04F79EFBC}") = "AsynchronousDownload", "AsynchronousDownload\AsynchronousDownload.csproj", "{0573E70F-5186-45A6-AFDE-A7E41527AB44}"
EndProject
Project("{F184B08F-C81C-45F6-A57F-5ABD9991F28F}") = "VBAsynchronousDownload", "VBAsynchronousDownload\VBAsynchronousDownload.vbproj", "{153E6FB1-B5FC-428C-9834-C8A516A3C2C8}"
EndProject
Project("{FAE04EC0-301F-11D3-BF4B-00C04F79EFBC}") = "AbortDownload", "AbortDownload\AbortDownload.csproj", "{AA43A76F-DC9F-4C94-9674-5AC755549BD9}"
EndProject
Project("{F184B08F-C81C-45F6-A57F-5ABD9991F28F}") = "VBAbortDownload", "VBAbortDownload\VBAbortDownload.vbproj", "{5E3968FC-6A7B-49E3-97FB-E262E3865E30}"
EndProject
Project("{FAE04EC0-301F-11D3-BF4B-00C04F79EFBC}") = "GetInputStream", "GetInputStream\GetInputStream.csproj", "{4A2DB704-6C98-4C7A-AA9F-2FDB730D2270}"
EndProject
Project("{F184B08F-C81C-45F6-A57F-5ABD9991F28F}") = "VBGetInputStream", "VBGetInputStream\VBGetInputStream.vbproj", "{E963A8E3-46B7-4DCB-9181-BCF8FC31636B}"
EndProject
Project("{FAE04EC0-301F-11D3-BF4B-00C04F79EFBC}") = "SynchronousUpload", "SynchronousUpload\SynchronousUpload.csproj", "{134F0DF0-D76F-4F9D-BC55-B42CF06F3F8C}"
EndProject
Project("{F184B08F-C81C-45F6-A57F-5ABD9991F28F}") = "VBSynchronousUpload", "VBSynchronousUpload\VBSynchronousUpload.vbproj", "{AD3FE034-2808-46B3-A02D-80AA17362C4E}"
EndProject
Project("{FAE04EC0-301F-11D3-BF4B-00C04F79EFBC}") = "AsynchronousUpload", "AsynchronousUpload\AsynchronousUpload.csproj", "{9F0BA824-CE82-46DB-893D-BCEA19FD478B}"
EndProject
Project("{F184B08F-C81C-45F6-A57F-5ABD9991F28F}") = "VBAsynchronousUpload", "VBAsynchronousUpload\VBAsynchronousUpload.vbproj", "{FA1D3EFD-D0C7-46F8-A5A9-D7EB3150DD32}"
EndProject
Project("{FAE04EC0-301F-11D3-BF4B-00C04F79EFBC}") = "AbortUpload", "AbortUpload\AbortUpload.csproj", "{CC7D8011-B019-4431-B592-318933E833DD}"
EndProject
Project("{F184B08F-C81C-45F6-A57F-5ABD9991F28F}") = "VBAbortUpload", "VBAbortUpload\VBAbortUpload.vbproj", "{3A4ABBAD-C03C-43D3-A6EA-5FA3186AF22E}"
EndProject
Project("{FAE04EC0-301F-11D3-BF4B-00C04F79EFBC}") = "GetOutputStream", "GetOutputStream\GetOutputStream.csproj", "{4ADFECDD-5A18-43D0-93E8-982DAA564CC1}"
EndProject
Project("{F184B08F-C81C-45F6-A57F-5ABD9991F28F}") = "VBGetOutputStream", "VBGetOutputStream\VBGetOutputStream.vbproj", "{C4DE43EB-DAC1-4C8D-B6FF-89D38999096A}"
EndProject
Project("{FAE04EC0-301F-11D3-BF4B-00C04F79EFBC}") = "GetProperty", "GetProperty\GetProperty.csproj", "{77F335E9-3DA2-4530-A2D6-FD4A2C443BD0}"
EndProject
Project("{F184B08F-C81C-45F6-A57F-5ABD9991F28F}") = "VBGetProperty", "VBGetProperty\VBGetProperty.vbproj", "{4169CA97-3D3F-47A3-8E55-8327BDAF772E}"
EndProject
Project("{FAE04EC0-301F-11D3-BF4B-00C04F79EFBC}") = "GetAllProperties", "GetAllProperties\GetAllProperties.csproj", "{36FAF43C-C8CE-413A-9BCE-83CA0367B2A8}"
EndProject
Project("{F184B08F-C81C-45F6-A57F-5ABD9991F28F}") = "VBGetAllProperties", "VBGetAllProperties\VBGetAllProperties.vbproj", "{03D6D8B0-E5AD-4B83-87DA-2F0A873E7249}"
EndProject
Project("{FAE04EC0-301F-11D3-BF4B-00C04F79EFBC}") = "SetProperty", "SetProperty\SetProperty.csproj", "{1EE3FE9E-2806-41CC-8CA5-7A93F2F3B28B}"
EndProject
Project("{F184B08F-C81C-45F6-A57F-5ABD9991F28F}") = "VBSetProperty", "VBSetProperty\VBSetProperty.vbproj", "{B1C5258F-3F65-4B25-82E0-909079935D46}"
EndProject
Project("{FAE04EC0-301F-11D3-BF4B-00C04F79EFBC}") = "SetXMLProperty", "SetXMLProperty\SetXMLProperty.csproj", "{EDF9BBB3-5821-456C-AB21-3AAFD09688C4}"
EndProject
Project("{F184B08F-C81C-45F6-A57F-5ABD9991F28F}") = "VBSetXMLProperty", "VBSetXMLProperty\VBSetXMLProperty.vbproj", "{D15FC37D-5DFF-4DD0-9683-EFF8C036F361}"
EndProject
Project("{FAE04EC0-301F-11D3-BF4B-00C04F79EFBC}") = "RemoveProperty", "RemoveProperty\RemoveProperty.csproj", "{71CCE84B-E63E-46D8-ACF3-4BAFC1EB938B}"
EndProject
Project("{F184B08F-C81C-45F6-A57F-5ABD9991F28F}") = "VBRemoveProperty", "VBRemoveProperty\VBRemoveProperty.vbproj", "{49589CD3-BEA9-44AD-A0D3-98E8FACD5CD5}"
EndProject
Project("{FAE04EC0-301F-11D3-BF4B-00C04F79EFBC}") = "LockFile", "LockFile\LockFile.csproj", "{5B458064-2E81-4D31-8931-974DE53A87AA}"
EndProject
Project("{F184B08F-C81C-45F6-A57F-5ABD9991F28F}") = "VBLockFile", "VBLockFile\VBLockFile.vbproj", "{C63F8DA0-69FD-430E-9394-207CBB06B883}"
EndProject
Project("{FAE04EC0-301F-11D3-BF4B-00C04F79EFBC}") = "Authentication", "Authentication\Authentication.csproj", "{D5BEC0C1-031E-4239-9E36-33C2EB3ED60F}"
EndProject
Project("{F184B08F-C81C-45F6-A57F-5ABD9991F28F}") = "VBAuthentication", "VBAuthentication\VBAuthentication.vbproj", "{57026EF1-D224-46F4-AA5A-C6B2A64397D9}"
EndProject
Global
	GlobalSection(SolutionConfigurationPlatforms) = preSolution
		Debug|Any CPU = Debug|Any CPU
		Release|Any CPU = Release|Any CPU
	EndGlobalSection
	GlobalSection(ProjectConfigurationPlatforms) = postSolution
		{5F174BD5-57C4-40F4-B9F6-6EBCFC4EBCA5}.Debug|Any CPU.ActiveCfg = Debug|Any CPU
		{5F174BD5-57C4-40F4-B9F6-6EBCFC4EBCA5}.Debug|Any CPU.Build.0 = Debug|Any CPU
		{5F174BD5-57C4-40F4-B9F6-6EBCFC4EBCA5}.Release|Any CPU.ActiveCfg = Release|Any CPU
		{5F174BD5-57C4-40F4-B9F6-6EBCFC4EBCA5}.Release|Any CPU.Build.0 = Release|Any CPU
		{59C02CE2-D3D5-4C84-9A51-08F814E68702}.Debug|Any CPU.ActiveCfg = Debug|Any CPU
		{59C02CE2-D3D5-4C84-9A51-08F814E68702}.Debug|Any CPU.Build.0 = Debug|Any CPU
		{59C02CE2-D3D5-4C84-9A51-08F814E68702}.Release|Any CPU.ActiveCfg = Release|Any CPU
		{59C02CE2-D3D5-4C84-9A51-08F814E68702}.Release|Any CPU.Build.0 = Release|Any CPU
		{517E0132-599E-42D4-9D77-0C084CFCC800}.Debug|Any CPU.ActiveCfg = Debug|Any CPU
		{517E0132-599E-42D4-9D77-0C084CFCC800}.Debug|Any CPU.Build.0 = Debug|Any CPU
		{517E0132-599E-42D4-9D77-0C084CFCC800}.Release|Any CPU.ActiveCfg = Release|Any CPU
		{517E0132-599E-42D4-9D77-0C084CFCC800}.Release|Any CPU.Build.0 = Release|Any CPU
		{7EFADC13-FB7E-43B5-B6B7-6E67873B9056}.Debug|Any CPU.ActiveCfg = Debug|Any CPU
		{7EFADC13-FB7E-43B5-B6B7-6E67873B9056}.Debug|Any CPU.Build.0 = Debug|Any CPU
		{7EFADC13-FB7E-43B5-B6B7-6E67873B9056}.Release|Any CPU.ActiveCfg = Release|Any CPU
		{7EFADC13-FB7E-43B5-B6B7-6E67873B9056}.Release|Any CPU.Build.0 = Release|Any CPU
		{394FA942-C819-4A76-8239-80E25E8F65B4}.Debug|Any CPU.ActiveCfg = Debug|Any CPU
		{394FA942-C819-4A76-8239-80E25E8F65B4}.Debug|Any CPU.Build.0 = Debug|Any CPU
		{394FA942-C819-4A76-8239-80E25E8F65B4}.Release|Any CPU.ActiveCfg = Release|Any CPU
		{394FA942-C819-4A76-8239-80E25E8F65B4}.Release|Any CPU.Build.0 = Release|Any CPU
		{77A65B61-4D8C-4E1F-BF7D-665133A13618}.Debug|Any CPU.ActiveCfg = Debug|Any CPU
		{77A65B61-4D8C-4E1F-BF7D-665133A13618}.Debug|Any CPU.Build.0 = Debug|Any CPU
		{77A65B61-4D8C-4E1F-BF7D-665133A13618}.Release|Any CPU.ActiveCfg = Release|Any CPU
		{77A65B61-4D8C-4E1F-BF7D-665133A13618}.Release|Any CPU.Build.0 = Release|Any CPU
		{0462C901-0D24-4556-92D9-71AB6C79847D}.Debug|Any CPU.ActiveCfg = Debug|Any CPU
		{0462C901-0D24-4556-92D9-71AB6C79847D}.Debug|Any CPU.Build.0 = Debug|Any CPU
		{0462C901-0D24-4556-92D9-71AB6C79847D}.Release|Any CPU.ActiveCfg = Release|Any CPU
		{0462C901-0D24-4556-92D9-71AB6C79847D}.Release|Any CPU.Build.0 = Release|Any CPU
		{18DF533E-03A2-4EB1-862D-CC1DF1BCA819}.Debug|Any CPU.ActiveCfg = Debug|Any CPU
		{18DF533E-03A2-4EB1-862D-CC1DF1BCA819}.Debug|Any CPU.Build.0 = Debug|Any CPU
		{18DF533E-03A2-4EB1-862D-CC1DF1BCA819}.Release|Any CPU.ActiveCfg = Release|Any CPU
		{18DF533E-03A2-4EB1-862D-CC1DF1BCA819}.Release|Any CPU.Build.0 = Release|Any CPU
		{0BE735B2-9E34-4BBD-BBA8-1B9A119BABF7}.Debug|Any CPU.ActiveCfg = Debug|Any CPU
		{0BE735B2-9E34-4BBD-BBA8-1B9A119BABF7}.Debug|Any CPU.Build.0 = Debug|Any CPU
		{0BE735B2-9E34-4BBD-BBA8-1B9A119BABF7}.Release|Any CPU.ActiveCfg = Release|Any CPU
		{0BE735B2-9E34-4BBD-BBA8-1B9A119BABF7}.Release|Any CPU.Build.0 = Release|Any CPU
		{F67339EE-E367-4460-8D7B-290494C5638F}.Debug|Any CPU.ActiveCfg = Debug|Any CPU
		{F67339EE-E367-4460-8D7B-290494C5638F}.Debug|Any CPU.Build.0 = Debug|Any CPU
		{F67339EE-E367-4460-8D7B-290494C5638F}.Release|Any CPU.ActiveCfg = Release|Any CPU
		{F67339EE-E367-4460-8D7B-290494C5638F}.Release|Any CPU.Build.0 = Release|Any CPU
		{CE99A57E-0D2F-4723-B4BD-06188E015078}.Debug|Any CPU.ActiveCfg = Debug|Any CPU
		{CE99A57E-0D2F-4723-B4BD-06188E015078}.Debug|Any CPU.Build.0 = Debug|Any CPU
		{CE99A57E-0D2F-4723-B4BD-06188E015078}.Release|Any CPU.ActiveCfg = Release|Any CPU
		{CE99A57E-0D2F-4723-B4BD-06188E015078}.Release|Any CPU.Build.0 = Release|Any CPU
		{44E92AB2-DA03-45A1-B20A-0E7E6C98EB72}.Debug|Any CPU.ActiveCfg = Debug|Any CPU
		{44E92AB2-DA03-45A1-B20A-0E7E6C98EB72}.Debug|Any CPU.Build.0 = Debug|Any CPU
		{44E92AB2-DA03-45A1-B20A-0E7E6C98EB72}.Release|Any CPU.ActiveCfg = Release|Any CPU
		{44E92AB2-DA03-45A1-B20A-0E7E6C98EB72}.Release|Any CPU.Build.0 = Release|Any CPU
		{73D2506E-065F-4FF9-93B2-5A3068DF29D6}.Debug|Any CPU.ActiveCfg = Debug|Any CPU
		{73D2506E-065F-4FF9-93B2-5A3068DF29D6}.Debug|Any CPU.Build.0 = Debug|Any CPU
		{73D2506E-065F-4FF9-93B2-5A3068DF29D6}.Release|Any CPU.ActiveCfg = Release|Any CPU
		{73D2506E-065F-4FF9-93B2-5A3068DF29D6}.Release|Any CPU.Build.0 = Release|Any CPU
		{640673FE-C6B0-4ABC-9B13-AABC25996AB7}.Debug|Any CPU.ActiveCfg = Debug|Any CPU
		{640673FE-C6B0-4ABC-9B13-AABC25996AB7}.Debug|Any CPU.Build.0 = Debug|Any CPU
		{640673FE-C6B0-4ABC-9B13-AABC25996AB7}.Release|Any CPU.ActiveCfg = Release|Any CPU
		{640673FE-C6B0-4ABC-9B13-AABC25996AB7}.Release|Any CPU.Build.0 = Release|Any CPU
		{35C3FD09-6096-4AB5-BEEF-E02D9E5BFAEA}.Debug|Any CPU.ActiveCfg = Debug|Any CPU
		{35C3FD09-6096-4AB5-BEEF-E02D9E5BFAEA}.Debug|Any CPU.Build.0 = Debug|Any CPU
		{35C3FD09-6096-4AB5-BEEF-E02D9E5BFAEA}.Release|Any CPU.ActiveCfg = Release|Any CPU
		{35C3FD09-6096-4AB5-BEEF-E02D9E5BFAEA}.Release|Any CPU.Build.0 = Release|Any CPU
		{8C9680B2-6009-4F98-B976-5D84FF7F2060}.Debug|Any CPU.ActiveCfg = Debug|Any CPU
		{8C9680B2-6009-4F98-B976-5D84FF7F2060}.Debug|Any CPU.Build.0 = Debug|Any CPU
		{8C9680B2-6009-4F98-B976-5D84FF7F2060}.Release|Any CPU.ActiveCfg = Release|Any CPU
		{8C9680B2-6009-4F98-B976-5D84FF7F2060}.Release|Any CPU.Build.0 = Release|Any CPU
		{3E0B30C8-344A-4C8F-BF3D-FE775815737C}.Debug|Any CPU.ActiveCfg = Debug|Any CPU
		{3E0B30C8-344A-4C8F-BF3D-FE775815737C}.Debug|Any CPU.Build.0 = Debug|Any CPU
		{3E0B30C8-344A-4C8F-BF3D-FE775815737C}.Release|Any CPU.ActiveCfg = Release|Any CPU
		{3E0B30C8-344A-4C8F-BF3D-FE775815737C}.Release|Any CPU.Build.0 = Release|Any CPU
		{EFEFE255-DD69-4B72-B771-2FF6871BDB2A}.Debug|Any CPU.ActiveCfg = Debug|Any CPU
		{EFEFE255-DD69-4B72-B771-2FF6871BDB2A}.Debug|Any CPU.Build.0 = Debug|Any CPU
		{EFEFE255-DD69-4B72-B771-2FF6871BDB2A}.Release|Any CPU.ActiveCfg = Release|Any CPU
		{EFEFE255-DD69-4B72-B771-2FF6871BDB2A}.Release|Any CPU.Build.0 = Release|Any CPU
		{0573E70F-5186-45A6-AFDE-A7E41527AB44}.Debug|Any CPU.ActiveCfg = Debug|Any CPU
		{0573E70F-5186-45A6-AFDE-A7E41527AB44}.Debug|Any CPU.Build.0 = Debug|Any CPU
		{0573E70F-5186-45A6-AFDE-A7E41527AB44}.Release|Any CPU.ActiveCfg = Release|Any CPU
		{0573E70F-5186-45A6-AFDE-A7E41527AB44}.Release|Any CPU.Build.0 = Release|Any CPU
		{153E6FB1-B5FC-428C-9834-C8A516A3C2C8}.Debug|Any CPU.ActiveCfg = Debug|Any CPU
		{153E6FB1-B5FC-428C-9834-C8A516A3C2C8}.Debug|Any CPU.Build.0 = Debug|Any CPU
		{153E6FB1-B5FC-428C-9834-C8A516A3C2C8}.Release|Any CPU.ActiveCfg = Release|Any CPU
		{153E6FB1-B5FC-428C-9834-C8A516A3C2C8}.Release|Any CPU.Build.0 = Release|Any CPU
		{AA43A76F-DC9F-4C94-9674-5AC755549BD9}.Debug|Any CPU.ActiveCfg = Debug|Any CPU
		{AA43A76F-DC9F-4C94-9674-5AC755549BD9}.Debug|Any CPU.Build.0 = Debug|Any CPU
		{AA43A76F-DC9F-4C94-9674-5AC755549BD9}.Release|Any CPU.ActiveCfg = Release|Any CPU
		{AA43A76F-DC9F-4C94-9674-5AC755549BD9}.Release|Any CPU.Build.0 = Release|Any CPU
		{5E3968FC-6A7B-49E3-97FB-E262E3865E30}.Debug|Any CPU.ActiveCfg = Debug|Any CPU
		{5E3968FC-6A7B-49E3-97FB-E262E3865E30}.Debug|Any CPU.Build.0 = Debug|Any CPU
		{5E3968FC-6A7B-49E3-97FB-E262E3865E30}.Release|Any CPU.ActiveCfg = Release|Any CPU
		{5E3968FC-6A7B-49E3-97FB-E262E3865E30}.Release|Any CPU.Build.0 = Release|Any CPU
		{4A2DB704-6C98-4C7A-AA9F-2FDB730D2270}.Debug|Any CPU.ActiveCfg = Debug|Any CPU
		{4A2DB704-6C98-4C7A-AA9F-2FDB730D2270}.Debug|Any CPU.Build.0 = Debug|Any CPU
		{4A2DB704-6C98-4C7A-AA9F-2FDB730D2270}.Release|Any CPU.ActiveCfg = Release|Any CPU
		{4A2DB704-6C98-4C7A-AA9F-2FDB730D2270}.Release|Any CPU.Build.0 = Release|Any CPU
		{E963A8E3-46B7-4DCB-9181-BCF8FC31636B}.Debug|Any CPU.ActiveCfg = Debug|Any CPU
		{E963A8E3-46B7-4DCB-9181-BCF8FC31636B}.Debug|Any CPU.Build.0 = Debug|Any CPU
		{E963A8E3-46B7-4DCB-9181-BCF8FC31636B}.Release|Any CPU.ActiveCfg = Release|Any CPU
		{E963A8E3-46B7-4DCB-9181-BCF8FC31636B}.Release|Any CPU.Build.0 = Release|Any CPU
		{134F0DF0-D76F-4F9D-BC55-B42CF06F3F8C}.Debug|Any CPU.ActiveCfg = Debug|Any CPU
		{134F0DF0-D76F-4F9D-BC55-B42CF06F3F8C}.Debug|Any CPU.Build.0 = Debug|Any CPU
		{134F0DF0-D76F-4F9D-BC55-B42CF06F3F8C}.Release|Any CPU.ActiveCfg = Release|Any CPU
		{134F0DF0-D76F-4F9D-BC55-B42CF06F3F8C}.Release|Any CPU.Build.0 = Release|Any CPU
		{AD3FE034-2808-46B3-A02D-80AA17362C4E}.Debug|Any CPU.ActiveCfg = Debug|Any CPU
		{AD3FE034-2808-46B3-A02D-80AA17362C4E}.Debug|Any CPU.Build.0 = Debug|Any CPU
		{AD3FE034-2808-46B3-A02D-80AA17362C4E}.Release|Any CPU.ActiveCfg = Release|Any CPU
		{AD3FE034-2808-46B3-A02D-80AA17362C4E}.Release|Any CPU.Build.0 = Release|Any CPU
		{9F0BA824-CE82-46DB-893D-BCEA19FD478B}.Debug|Any CPU.ActiveCfg = Debug|Any CPU
		{9F0BA824-CE82-46DB-893D-BCEA19FD478B}.Debug|Any CPU.Build.0 = Debug|Any CPU
		{9F0BA824-CE82-46DB-893D-BCEA19FD478B}.Release|Any CPU.ActiveCfg = Release|Any CPU
		{9F0BA824-CE82-46DB-893D-BCEA19FD478B}.Release|Any CPU.Build.0 = Release|Any CPU
		{FA1D3EFD-D0C7-46F8-A5A9-D7EB3150DD32}.Debug|Any CPU.ActiveCfg = Debug|Any CPU
		{FA1D3EFD-D0C7-46F8-A5A9-D7EB3150DD32}.Debug|Any CPU.Build.0 = Debug|Any CPU
		{FA1D3EFD-D0C7-46F8-A5A9-D7EB3150DD32}.Release|Any CPU.ActiveCfg = Release|Any CPU
		{FA1D3EFD-D0C7-46F8-A5A9-D7EB3150DD32}.Release|Any CPU.Build.0 = Release|Any CPU
		{CC7D8011-B019-4431-B592-318933E833DD}.Debug|Any CPU.ActiveCfg = Debug|Any CPU
		{CC7D8011-B019-4431-B592-318933E833DD}.Debug|Any CPU.Build.0 = Debug|Any CPU
		{CC7D8011-B019-4431-B592-318933E833DD}.Release|Any CPU.ActiveCfg = Release|Any CPU
		{CC7D8011-B019-4431-B592-318933E833DD}.Release|Any CPU.Build.0 = Release|Any CPU
		{3A4ABBAD-C03C-43D3-A6EA-5FA3186AF22E}.Debug|Any CPU.ActiveCfg = Debug|Any CPU
		{3A4ABBAD-C03C-43D3-A6EA-5FA3186AF22E}.Debug|Any CPU.Build.0 = Debug|Any CPU
		{3A4ABBAD-C03C-43D3-A6EA-5FA3186AF22E}.Release|Any CPU.ActiveCfg = Release|Any CPU
		{3A4ABBAD-C03C-43D3-A6EA-5FA3186AF22E}.Release|Any CPU.Build.0 = Release|Any CPU
		{4ADFECDD-5A18-43D0-93E8-982DAA564CC1}.Debug|Any CPU.ActiveCfg = Debug|Any CPU
		{4ADFECDD-5A18-43D0-93E8-982DAA564CC1}.Debug|Any CPU.Build.0 = Debug|Any CPU
		{4ADFECDD-5A18-43D0-93E8-982DAA564CC1}.Release|Any CPU.ActiveCfg = Release|Any CPU
		{4ADFECDD-5A18-43D0-93E8-982DAA564CC1}.Release|Any CPU.Build.0 = Release|Any CPU
		{C4DE43EB-DAC1-4C8D-B6FF-89D38999096A}.Debug|Any CPU.ActiveCfg = Debug|Any CPU
		{C4DE43EB-DAC1-4C8D-B6FF-89D38999096A}.Debug|Any CPU.Build.0 = Debug|Any CPU
		{C4DE43EB-DAC1-4C8D-B6FF-89D38999096A}.Release|Any CPU.ActiveCfg = Release|Any CPU
		{C4DE43EB-DAC1-4C8D-B6FF-89D38999096A}.Release|Any CPU.Build.0 = Release|Any CPU
		{77F335E9-3DA2-4530-A2D6-FD4A2C443BD0}.Debug|Any CPU.ActiveCfg = Debug|Any CPU
		{77F335E9-3DA2-4530-A2D6-FD4A2C443BD0}.Debug|Any CPU.Build.0 = Debug|Any CPU
		{77F335E9-3DA2-4530-A2D6-FD4A2C443BD0}.Release|Any CPU.ActiveCfg = Release|Any CPU
		{77F335E9-3DA2-4530-A2D6-FD4A2C443BD0}.Release|Any CPU.Build.0 = Release|Any CPU
		{4169CA97-3D3F-47A3-8E55-8327BDAF772E}.Debug|Any CPU.ActiveCfg = Debug|Any CPU
		{4169CA97-3D3F-47A3-8E55-8327BDAF772E}.Debug|Any CPU.Build.0 = Debug|Any CPU
		{4169CA97-3D3F-47A3-8E55-8327BDAF772E}.Release|Any CPU.ActiveCfg = Release|Any CPU
		{4169CA97-3D3F-47A3-8E55-8327BDAF772E}.Release|Any CPU.Build.0 = Release|Any CPU
		{36FAF43C-C8CE-413A-9BCE-83CA0367B2A8}.Debug|Any CPU.ActiveCfg = Debug|Any CPU
		{36FAF43C-C8CE-413A-9BCE-83CA0367B2A8}.Debug|Any CPU.Build.0 = Debug|Any CPU
		{36FAF43C-C8CE-413A-9BCE-83CA0367B2A8}.Release|Any CPU.ActiveCfg = Release|Any CPU
		{36FAF43C-C8CE-413A-9BCE-83CA0367B2A8}.Release|Any CPU.Build.0 = Release|Any CPU
		{03D6D8B0-E5AD-4B83-87DA-2F0A873E7249}.Debug|Any CPU.ActiveCfg = Debug|Any CPU
		{03D6D8B0-E5AD-4B83-87DA-2F0A873E7249}.Debug|Any CPU.Build.0 = Debug|Any CPU
		{03D6D8B0-E5AD-4B83-87DA-2F0A873E7249}.Release|Any CPU.ActiveCfg = Release|Any CPU
		{03D6D8B0-E5AD-4B83-87DA-2F0A873E7249}.Release|Any CPU.Build.0 = Release|Any CPU
		{1EE3FE9E-2806-41CC-8CA5-7A93F2F3B28B}.Debug|Any CPU.ActiveCfg = Debug|Any CPU
		{1EE3FE9E-2806-41CC-8CA5-7A93F2F3B28B}.Debug|Any CPU.Build.0 = Debug|Any CPU
		{1EE3FE9E-2806-41CC-8CA5-7A93F2F3B28B}.Release|Any CPU.ActiveCfg = Release|Any CPU
		{1EE3FE9E-2806-41CC-8CA5-7A93F2F3B28B}.Release|Any CPU.Build.0 = Release|Any CPU
		{B1C5258F-3F65-4B25-82E0-909079935D46}.Debug|Any CPU.ActiveCfg = Debug|Any CPU
		{B1C5258F-3F65-4B25-82E0-909079935D46}.Debug|Any CPU.Build.0 = Debug|Any CPU
		{B1C5258F-3F65-4B25-82E0-909079935D46}.Release|Any CPU.ActiveCfg = Release|Any CPU
		{B1C5258F-3F65-4B25-82E0-909079935D46}.Release|Any CPU.Build.0 = Release|Any CPU
		{EDF9BBB3-5821-456C-AB21-3AAFD09688C4}.Debug|Any CPU.ActiveCfg = Debug|Any CPU
		{EDF9BBB3-5821-456C-AB21-3AAFD09688C4}.Debug|Any CPU.Build.0 = Debug|Any CPU
		{EDF9BBB3-5821-456C-AB21-3AAFD09688C4}.Release|Any CPU.ActiveCfg = Release|Any CPU
		{EDF9BBB3-5821-456C-AB21-3AAFD09688C4}.Release|Any CPU.Build.0 = Release|Any CPU
		{D15FC37D-5DFF-4DD0-9683-EFF8C036F361}.Debug|Any CPU.ActiveCfg = Debug|Any CPU
		{D15FC37D-5DFF-4DD0-9683-EFF8C036F361}.Debug|Any CPU.Build.0 = Debug|Any CPU
		{D15FC37D-5DFF-4DD0-9683-EFF8C036F361}.Release|Any CPU.ActiveCfg = Release|Any CPU
		{D15FC37D-5DFF-4DD0-9683-EFF8C036F361}.Release|Any CPU.Build.0 = Release|Any CPU
		{71CCE84B-E63E-46D8-ACF3-4BAFC1EB938B}.Debug|Any CPU.ActiveCfg = Debug|Any CPU
		{71CCE84B-E63E-46D8-ACF3-4BAFC1EB938B}.Debug|Any CPU.Build.0 = Debug|Any CPU
		{71CCE84B-E63E-46D8-ACF3-4BAFC1EB938B}.Release|Any CPU.ActiveCfg = Release|Any CPU
		{71CCE84B-E63E-46D8-ACF3-4BAFC1EB938B}.Release|Any CPU.Build.0 = Release|Any CPU
		{49589CD3-BEA9-44AD-A0D3-98E8FACD5CD5}.Debug|Any CPU.ActiveCfg = Debug|Any CPU
		{49589CD3-BEA9-44AD-A0D3-98E8FACD5CD5}.Debug|Any CPU.Build.0 = Debug|Any CPU
		{49589CD3-BEA9-44AD-A0D3-98E8FACD5CD5}.Release|Any CPU.ActiveCfg = Release|Any CPU
		{49589CD3-BEA9-44AD-A0D3-98E8FACD5CD5}.Release|Any CPU.Build.0 = Release|Any CPU
		{5B458064-2E81-4D31-8931-974DE53A87AA}.Debug|Any CPU.ActiveCfg = Debug|Any CPU
		{5B458064-2E81-4D31-8931-974DE53A87AA}.Debug|Any CPU.Build.0 = Debug|Any CPU
		{5B458064-2E81-4D31-8931-974DE53A87AA}.Release|Any CPU.ActiveCfg = Release|Any CPU
		{5B458064-2E81-4D31-8931-974DE53A87AA}.Release|Any CPU.Build.0 = Release|Any CPU
		{C63F8DA0-69FD-430E-9394-207CBB06B883}.Debug|Any CPU.ActiveCfg = Debug|Any CPU
		{C63F8DA0-69FD-430E-9394-207CBB06B883}.Debug|Any CPU.Build.0 = Debug|Any CPU
		{C63F8DA0-69FD-430E-9394-207CBB06B883}.Release|Any CPU.ActiveCfg = Release|Any CPU
		{C63F8DA0-69FD-430E-9394-207CBB06B883}.Release|Any CPU.Build.0 = Release|Any CPU
		{D5BEC0C1-031E-4239-9E36-33C2EB3ED60F}.Debug|Any CPU.ActiveCfg = Debug|Any CPU
		{D5BEC0C1-031E-4239-9E36-33C2EB3ED60F}.Debug|Any CPU.Build.0 = Debug|Any CPU
		{D5BEC0C1-031E-4239-9E36-33C2EB3ED60F}.Release|Any CPU.ActiveCfg = Release|Any CPU
		{D5BEC0C1-031E-4239-9E36-33C2EB3ED60F}.Release|Any CPU.Build.0 = Release|Any CPU
		{57026EF1-D224-46F4-AA5A-C6B2A64397D9}.Debug|Any CPU.ActiveCfg = Debug|Any CPU
		{57026EF1-D224-46F4-AA5A-C6B2A64397D9}.Debug|Any CPU.Build.0 = Debug|Any CPU
		{57026EF1-D224-46F4-AA5A-C6B2A64397D9}.Release|Any CPU.ActiveCfg = Release|Any CPU
		{57026EF1-D224-46F4-AA5A-C6B2A64397D9}.Release|Any CPU.Build.0 = Release|Any CPU
	EndGlobalSection
	GlobalSection(SolutionProperties) = preSolution
		HideSolutionNode = FALSE
	EndGlobalSection
EndGlobal
